<?xml version="1.0" encoding="utf-8"?>
<Project ToolsVersion="4.0" xmlns="http://schemas.microsoft.com/developer/msbuild/2003">
  <ItemGroup>
    <Filter Include="Core">
      <UniqueIdentifier>{cb47fe22-e866-4929-8011-9fd4fa45415c}</UniqueIdentifier>
    </Filter>
    <Filter Include="Editor">
      <UniqueIdentifier>{3e35514c-505c-4bd2-953a-01515b8fccfd}</UniqueIdentifier>
    </Filter>
    <Filter Include="Ressources">
      <UniqueIdentifier>{ce4061eb-47f4-4b50-a844-21ef7362d045}</UniqueIdentifier>
    </Filter>
    <Filter Include="Game">
      <UniqueIdentifier>{3a7fa41c-9728-4917-abd0-84e4ce8d658e}</UniqueIdentifier>
    </Filter>
    <Filter Include="Extern">
      <UniqueIdentifier>{ffafb0d8-023a-4db0-a5e4-ea0063197029}</UniqueIdentifier>
    </Filter>
    <Filter Include="Extern\nlohmann">
      <UniqueIdentifier>{0e71834e-2a13-4ce1-a4f8-670494ac8cf3}</UniqueIdentifier>
    </Filter>
    <Filter Include="Extern\ImGui">
      <UniqueIdentifier>{d1028810-7216-44ab-a01e-919d2ca8a8ff}</UniqueIdentifier>
    </Filter>
    <Filter Include="Extern\tinyfiledialogs">
      <UniqueIdentifier>{af120b7a-631f-4ada-8d4d-a6e37cfbcf52}</UniqueIdentifier>
    </Filter>
  </ItemGroup>
  <ItemGroup>
    <ClCompile Include="..\include\ImGui\imgui.cpp">
      <Filter>Extern\ImGui</Filter>
    </ClCompile>
    <ClCompile Include="..\include\ImGui\imgui_demo.cpp">
      <Filter>Extern\ImGui</Filter>
    </ClCompile>
    <ClCompile Include="..\include\ImGui\imgui_draw.cpp">
      <Filter>Extern\ImGui</Filter>
    </ClCompile>
    <ClCompile Include="..\include\ImGui\imgui_tables.cpp">
      <Filter>Extern\ImGui</Filter>
    </ClCompile>
    <ClCompile Include="..\include\ImGui\imgui_widgets.cpp">
      <Filter>Extern\ImGui</Filter>
    </ClCompile>
    <ClCompile Include="..\include\ImGui\imgui-SFML.cpp">
      <Filter>Extern\ImGui</Filter>
    </ClCompile>
    <ClCompile Include="App.cpp">
      <Filter>Core</Filter>
    </ClCompile>
    <ClCompile Include="main.cpp" />
    <ClCompile Include="..\include\tinyfiledialogs.c">
      <Filter>Extern\tinyfiledialogs</Filter>
    </ClCompile>
    <ClCompile Include="EditorState.cpp">
      <Filter>Core</Filter>
    </ClCompile>
    <ClCompile Include="ProjectManager.cpp">
      <Filter>Core</Filter>
    </ClCompile>
    <ClCompile Include="Camera.cpp">
      <Filter>Editor</Filter>
    </ClCompile>
    <ClCompile Include="MapEditor.cpp">
      <Filter>Editor</Filter>
    </ClCompile>
    <ClCompile Include="Project.cpp">
      <Filter>Core</Filter>
    </ClCompile>
    <ClCompile Include="Tileset.cpp">
      <Filter>Game</Filter>
    </ClCompile>
    <ClCompile Include="Tile.cpp">
      <Filter>Game</Filter>
    </ClCompile>
    <ClCompile Include="Map.cpp">
      <Filter>Game</Filter>
    </ClCompile>
    <ClCompile Include="LinkMap.cpp">
      <Filter>Game</Filter>
    </ClCompile>
    <ClCompile Include="Layer.cpp">
      <Filter>Game</Filter>
    </ClCompile>
  </ItemGroup>
  <ItemGroup>
    <ClInclude Include="..\include\ImGui\imconfig.h">
      <Filter>Extern\ImGui</Filter>
    </ClInclude>
    <ClInclude Include="..\include\ImGui\imconfig-SFML.h">
      <Filter>Extern\ImGui</Filter>
    </ClInclude>
    <ClInclude Include="..\include\ImGui\imgui.h">
      <Filter>Extern\ImGui</Filter>
    </ClInclude>
    <ClInclude Include="..\include\ImGui\imgui_internal.h">
      <Filter>Extern\ImGui</Filter>
    </ClInclude>
    <ClInclude Include="..\include\ImGui\imgui-SFML.h">
      <Filter>Extern\ImGui</Filter>
    </ClInclude>
    <ClInclude Include="..\include\ImGui\imgui-SFML_export.h">
      <Filter>Extern\ImGui</Filter>
    </ClInclude>
    <ClInclude Include="..\include\ImGui\imstb_rectpack.h">
      <Filter>Extern\ImGui</Filter>
    </ClInclude>
    <ClInclude Include="..\include\ImGui\imstb_textedit.h">
      <Filter>Extern\ImGui</Filter>
    </ClInclude>
    <ClInclude Include="..\include\ImGui\imstb_truetype.h">
      <Filter>Extern\ImGui</Filter>
    </ClInclude>
    <ClInclude Include="App.hpp">
      <Filter>Core</Filter>
    </ClInclude>
    <ClInclude Include="..\include\nlohmann\json.hpp">
      <Filter>Extern\nlohmann</Filter>
    </ClInclude>
    <ClInclude Include="..\include\nlohmann\json_fwd.hpp">
      <Filter>Extern\nlohmann</Filter>
    </ClInclude>
    <ClInclude Include="..\include\tinyfiledialogs.h">
      <Filter>Extern\tinyfiledialogs</Filter>
    </ClInclude>
    <ClInclude Include="EditorState.hpp">
      <Filter>Core</Filter>
    </ClInclude>
    <ClInclude Include="ProjectManager.hpp">
      <Filter>Core</Filter>
    </ClInclude>
    <ClInclude Include="Camera.hpp">
      <Filter>Editor</Filter>
    </ClInclude>
    <ClInclude Include="MapEditor.hpp">
      <Filter>Editor</Filter>
    </ClInclude>
    <ClInclude Include="Project.hpp">
      <Filter>Core</Filter>
    </ClInclude>
    <ClInclude Include="Tileset.hpp">
      <Filter>Game</Filter>
    </ClInclude>
    <ClInclude Include="Tile.hpp">
      <Filter>Game</Filter>
    </ClInclude>
    <ClInclude Include="Map.hpp">
      <Filter>Game</Filter>
    </ClInclude>
    <ClInclude Include="LinkMap.hpp">
      <Filter>Game</Filter>
    </ClInclude>
    <ClInclude Include="Layer.hpp">
      <Filter>Game</Filter>
    </ClInclude>
  </ItemGroup>
  <ItemGroup>
    <ResourceCompile Include="ressources.rc">
      <Filter>Ressources</Filter>
    </ResourceCompile>
  </ItemGroup>
  <ItemGroup>
    <Image Include="icon.ico">
      <Filter>Ressources</Filter>
    </Image>
  </ItemGroup>
</Project>